{
  "name": "phpNote",
  "lockfileVersion": 3,
  "requires": true,
  "packages": {
    "": {
      "dependencies": {
        "dom-to-image-more": "^3.2.0",
        "nvm": "^0.0.4"
      }
    },
    "node_modules/dom-to-image-more": {
      "version": "3.2.0",
      "resolved": "https://registry.npmmirror.com/dom-to-image-more/-/dom-to-image-more-3.2.0.tgz",
      "integrity": "sha512-2bGQTB6m17MBseVhIjShwZqqqCyVS9GgTykWqvVXMqr56fSgHhXnEvZfZkaSuHJYW3ICZQ3sZwAu+UY5tfsF9Q=="
    },
    "node_modules/nvm": {
      "version": "0.0.4",
      "resolved": "https://registry.npmmirror.com/nvm/-/nvm-0.0.4.tgz",
      "integrity": "sha512-jvmyELykYcdyd0VCGY0E8Aqe5MngEasVvlPvrcJHbwBMUbVqa72mPdQuPzyTcykEtEx7jDrMY0QA5MoV+8EhgA==",
      "deprecated": "This is NOT the correct nvm. Visit https://nvm.sh and use the curl command to install it.",
      "bin": {
        "nvm": "bin/nvm"
      }
    }
  }
}
